
Microsoft Visual Studio Solution File, Format Version 12.00
# Visual Studio Version 17
VisualStudioVersion = 17.0.32014.148
MinimumVisualStudioVersion = 10.0.40219.1
Project("{FAE04EC0-301F-11D3-BF4B-00C04F79EFBC}") = "Internship2022WebAPI", "Internship2022WebAPI\Internship2022WebAPI.csproj", "{FF01B1B9-7715-4D5E-BF30-F662DBDBC9BD}"
EndProject
Global
	GlobalSection(SolutionConfigurationPlatforms) = preSolution
		Debug|Any CPU = Debug|Any CPU
		Release|Any CPU = Release|Any CPU
	EndGlobalSection
	GlobalSection(ProjectConfigurationPlatforms) = postSolution
		{FF01B1B9-7715-4D5E-BF30-F662DBDBC9BD}.Debug|Any CPU.ActiveCfg = Debug|Any CPU
		{FF01B1B9-7715-4D5E-BF30-F662DBDBC9BD}.Debug|Any CPU.Build.0 = Debug|Any CPU
		{FF01B1B9-7715-4D5E-BF30-F662DBDBC9BD}.Release|Any CPU.ActiveCfg = Release|Any CPU
		{FF01B1B9-7715-4D5E-BF30-F662DBDBC9BD}.Release|Any CPU.Build.0 = Release|Any CPU
	EndGlobalSection
	GlobalSection(SolutionProperties) = preSolution
		HideSolutionNode = FALSE
	EndGlobalSection
	GlobalSection(ExtensibilityGlobals) = postSolution
		SolutionGuid = {C71C5ACD-F31D-423B-8F26-3C77EA891291}
	EndGlobalSection
EndGlobal
